<?xml version="1.0" encoding="utf-8"?>
<Project ToolsVersion="4.0" xmlns="http://schemas.microsoft.com/developer/msbuild/2003">
  <ItemGroup>
    <FxCompile Include="Resources\shader\Line.PS.hlsl" />
    <FxCompile Include="Resources\shader\Line.VS.hlsl" />
    <FxCompile Include="Resources\shader\Particle.PS.hlsl" />
    <FxCompile Include="Resources\shader\Particle.VS.hlsl" />
  </ItemGroup>
  <ItemGroup>
    <ClCompile Include="Magosuya\Camera\CameraOrganizer.cpp" />
    <ClCompile Include="Magosuya\Camera\FixedPointCamera.cpp" />
    <ClCompile Include="Magosuya\Primitive\cube\CubeRenderer.cpp" />
    <ClCompile Include="Magosuya\Primitive\line\LineRenderer.cpp" />
    <ClCompile Include="Magosuya\PSO\BlendModeManager.cpp" />
    <ClCompile Include="Magosuya\General\LogManager.cpp" />
    <ClCompile Include="Magosuya\General\ChangeString.cpp" />
    <ClCompile Include="Magosuya\PSO\InputLayoutManager.cpp" />
    <ClCompile Include="Magosuya\Camera\FollowCamera.cpp" />
    <ClCompile Include="Magosuya\Imgui\ImGuiManager.cpp" />
    <ClCompile Include="Magosuya\Engine\LeakChecker.cpp" />
    <ClCompile Include="Magosuya\Engine\DxCommon.cpp" />
    <ClCompile Include="Magosuya\Camera\DebugCamera.cpp" />
    <ClCompile Include="Magosuya\General\function.cpp" />
    <ClCompile Include="Magosuya\Input\GamePad.cpp" />
    <ClCompile Include="Magosuya\Input\InputManager.cpp" />
    <ClCompile Include="main.cpp" />
    <ClCompile Include="Magosuya\General\MathFunction.cpp" />
    <ClCompile Include="Magosuya\Input\RawInput.cpp" />
    <ClCompile Include="Magosuya\Object\3d\ModelManager.cpp" />
    <ClCompile Include="Magosuya\MagosuyaEngine.cpp" />
    <ClCompile Include="Magosuya\Engine\WindowsAPI.cpp" />
    <ClCompile Include="Magosuya\Object\2d\TextureManager.cpp" />
    <ClCompile Include="Application\Scene\SceneManager.cpp" />
    <ClCompile Include="Application\Scene\PlayScene.cpp" />
    <ClCompile Include="Magosuya\PSO\RootSignatureManager.cpp" />
    <ClCompile Include="Magosuya\PSO\PSOManager.cpp" />
    <ClCompile Include="Magosuya\Primitive\Primitive.cpp" />
    <ClCompile Include="Magosuya\Camera\LookAtCamera.cpp" />
    <ClCompile Include="Magosuya\General\Easing.cpp" />
    <ClCompile Include="Magosuya\Engine\SRV\SRVManager.cpp" />
    <ClCompile Include="Application\Entity\Entity.cpp" />
    <ClCompile Include="Magosuya\PSO\ShaderManager.cpp" />
    <ClCompile Include="Magosuya\Object\3d\BaseObject3d.cpp" />
    <ClCompile Include="Magosuya\Light\LightManager.cpp" />
    <ClCompile Include="Magosuya\Light\BaseLight.cpp" />
    <ClCompile Include="Magosuya\Light\DirectionalLight.cpp" />
    <ClCompile Include="Magosuya\Light\PointLight.cpp" />
    <ClCompile Include="Magosuya\Light\SpotLight.cpp" />
    <ClCompile Include="Game.cpp" />
    <ClCompile Include="Application\Entity\Boss\Boss.cpp" />
    <ClCompile Include="Magosuya\Light\RectLight.cpp" />
    <ClCompile Include="Magosuya\Audio\AudioManager.cpp" />
    <ClCompile Include="Application\Entity\Enemy\BaseEnemy.cpp" />
    <ClCompile Include="Application\Scene\TestScene.cpp" />
    <ClCompile Include="Magosuya\Object\3d\Skybox.cpp" />
    <ClCompile Include="Magosuya\RenderTexture.cpp" />
    <ClCompile Include="Magosuya\Engine\PostEffect.cpp" />
    <ClCompile Include="Magosuya\Engine\RenderSystem\RenderSystem.cpp" />
    <ClCompile Include="Magosuya\Object\3d\Model.cpp" />
    <ClCompile Include="Magosuya\Object\3d\ModelFactory.cpp" />
    <ClCompile Include="Magosuya\CPU_GPUData\Animation.cpp" />
    <ClCompile Include="Magosuya\Object\Animation\Animator.cpp" />
    <ClCompile Include="Magosuya\Particle\ParticleField.cpp" />
    <ClCompile Include="Magosuya\Particle\ParticleGroup.cpp" />
    <ClCompile Include="Magosuya\Particle\ParticleEmitter.cpp" />
  </ItemGroup>
  <ItemGroup>
    <ClInclude Include="Application\Scene\BaseScene.h" />
    <ClInclude Include="Magosuya\Camera\CameraOrganizer.h" />
    <ClInclude Include="Magosuya\Camera\FixedPointCamera.h" />
    <ClInclude Include="Magosuya\Camera\CameraComponent.h" />
    <ClInclude Include="Magosuya\Primitive\cube\CubeRenderer.h" />
    <ClInclude Include="Magosuya\Primitive\cube\CubeRenderData.h" />
    <ClInclude Include="Magosuya\Primitive\line\LineRenderData.h" />
    <ClInclude Include="Magosuya\Primitive\line\LineRenderer.h" />
    <ClInclude Include="Magosuya\Primitive\MaxPrimitiveNum.h" />
    <ClInclude Include="Magosuya\PSO\BlendModeManager.h" />
    <ClInclude Include="externals\externals.h" />
    <ClInclude Include="externals\imgui\imconfig.h" />
    <ClInclude Include="externals\imgui\imgui.h" />
    <ClInclude Include="externals\imgui\imgui_impl_dx12.h" />
    <ClInclude Include="externals\imgui\imgui_impl_win32.h" />
    <ClInclude Include="externals\imgui\imgui_internal.h" />
    <ClInclude Include="externals\imgui\imstb_rectpack.h" />
    <ClInclude Include="externals\imgui\imstb_textedit.h" />
    <ClInclude Include="externals\imgui\imstb_truetype.h" />
    <ClInclude Include="Magosuya\General\LogManager.h" />
    <ClInclude Include="Magosuya\General\ChangeString.h" />
    <ClInclude Include="Magosuya\PSO\InputLayoutManager.h" />
    <ClInclude Include="Magosuya\Camera\FollowCamera.h" />
    <ClInclude Include="Magosuya\Imgui\ImGuiManager.h" />
    <ClInclude Include="Magosuya\Engine\LeakChecker.h" />
    <ClInclude Include="Magosuya\Engine\DxCommon.h" />
    <ClInclude Include="Magosuya\Camera\DebugCamera.h" />
    <ClInclude Include="Magosuya\Input\GamePad.h" />
    <ClInclude Include="Magosuya\General\function.h" />
    <ClInclude Include="Magosuya\General\MathFunction.h" />
    <ClInclude Include="Magosuya\General\struct.h" />
    <ClInclude Include="Magosuya\Input\InputManager.h" />
    <ClInclude Include="Magosuya\Input\RawInput.h" />
    <ClInclude Include="Magosuya\Object\3d\ModelManager.h" />
    <ClInclude Include="Magosuya\MagosuyaEngine.h" />
    <ClInclude Include="Magosuya\Engine\WindowsAPI.h" />
    <ClInclude Include="Magosuya\Object\2d\TextureManager.h" />
    <ClInclude Include="Application\Scene\SceneManager.h" />
    <ClInclude Include="Application\Scene\PlayScene.h" />
    <ClInclude Include="Magosuya\Camera\LookAtCamera.h" />
    <ClInclude Include="Magosuya\General\Easing.h" />
    <ClInclude Include="Magosuya\Engine\SRV\SRVManager.h" />
    <ClInclude Include="Application\Entity\Entity.h" />
    <ClInclude Include="Application\Entity\Boss\Boss.h" />
    <ClInclude Include="Magosuya\PSO\ShaderManager.h" />
    <ClInclude Include="Magosuya\Object\3d\BaseObject3d.h" />
    <ClInclude Include="Magosuya\Light\LightManager.h" />
    <ClInclude Include="Magosuya\Light\BaseLight.h" />
    <ClInclude Include="Magosuya\Light\DirectionalLight.h" />
    <ClInclude Include="Magosuya\Light\PointLight.h" />
    <ClInclude Include="Magosuya\Light\SpotLight.h" />
    <ClInclude Include="Game.h" />
    <ClInclude Include="Application\Scene\SceneType.h" />
    <ClInclude Include="Magosuya\Light\RectLight.h" />
    <ClInclude Include="Magosuya\Audio\AudioManager.h" />
    <ClInclude Include="Magosuya\Audio\VoiceCallback.h" />
    <ClInclude Include="Application\Entity\Enemy\BaseEnemy.h" />
    <ClInclude Include="Application\Scene\TestScene.h" />
    <ClInclude Include="Magosuya\Object\3d\Skybox.h" />
    <ClInclude Include="Magosuya\RenderTexture.h" />
    <ClInclude Include="Magosuya\General\DeltaTime.h" />
    <ClInclude Include="Magosuya\Engine\PostEffect.h" />
    <ClInclude Include="Magosuya\Engine\Buffer\Buffer.h" />
    <ClInclude Include="Magosuya\CPU_GPUData\MeshData.h" />
    <ClInclude Include="Magosuya\CPU_GPUData\MaterialData.h" />
    <ClInclude Include="Magosuya\CPU_GPUData\TransformMatrixData.h" />
    <ClInclude Include="Magosuya\CPU_GPUData\Animation.h" />
    <ClInclude Include="Magosuya\CPU_GPUData\Skeleton.h" />
    <ClInclude Include="Magosuya\CPU_GPUData\SkinCluster.h" />
    <ClInclude Include="Magosuya\Engine\DescriptorHandle\DescriptorHandle.h" />
    <ClInclude Include="Magosuya\CPU_GPUData\ParticleData.h" />
    <ClInclude Include="Magosuya\CPU_GPUData\SpriteData.h" />
    <ClInclude Include="Magosuya\Engine\RenderSystem\RenderCommand.h" />
    <ClInclude Include="Magosuya\Engine\RenderSystem\RenderSystem.h" />
    <ClInclude Include="Magosuya\Object\3d\Model.h" />
    <ClInclude Include="Magosuya\Object\3d\ModelFactory.h" />
    <ClInclude Include="Magosuya\Object\Animation\Animator.h" />
    <ClInclude Include="Magosuya\Particle\IParticleField.h" />
    <ClInclude Include="Magosuya\Particle\ParticleField.h" />
    <ClInclude Include="Magosuya\Particle\ParticleGroup.h" />
    <ClInclude Include="Magosuya\Particle\ParticleEmitter.h" />
  </ItemGroup>
  <ItemGroup>
    <ClInclude Include="Magosuya\PSO\RootSignatureManager.h" />
    <ClInclude Include="Magosuya\PSO\PSOManager.h" />
    <ClInclude Include="Magosuya\Primitive\Primitive.h" />
    <Filter Include="general">
      <UniqueIdentifier>{3e5e4c26-2402-409b-9ddb-c94548049e20}</UniqueIdentifier>
    </Filter>
    <Filter Include="magosuya">
      <UniqueIdentifier>{2f6a1d5f-0a7f-438c-b0aa-d0bf96c43ba0}</UniqueIdentifier>
    </Filter>
    <Filter Include="engine">
      <UniqueIdentifier>{272283cd-e2df-4bc6-a28f-dfdd8cf66693}</UniqueIdentifier>
    </Filter>
    <Filter Include="object">
      <UniqueIdentifier>{2a89f171-a0e7-4e8f-896f-8a6fb1373d95}</UniqueIdentifier>
    </Filter>
    <Filter Include="2d">
      <UniqueIdentifier>{e0948fee-20e5-4aa8-9350-025ef1981440}</UniqueIdentifier>
    </Filter>
    <Filter Include="3d">
      <UniqueIdentifier>{e22d1c64-6799-4529-be1d-d5260554f9ab}</UniqueIdentifier>
    </Filter>
    <Filter Include="audio">
      <UniqueIdentifier>{fbc6c45d-9f1b-4e68-be7a-5a881df9f9ff}</UniqueIdentifier>
    </Filter>
    <Filter Include="camera">
      <UniqueIdentifier>{d80154bf-3be6-4d69-8f92-08a0316d0269}</UniqueIdentifier>
    </Filter>
    <Filter Include="input">
      <UniqueIdentifier>{8acba643-37e2-46e8-9adf-fe880630c96b}</UniqueIdentifier>
    </Filter>
    <Filter Include="manager">
      <UniqueIdentifier>{a7b841e9-39d8-40d4-8220-d56c979f6d07}</UniqueIdentifier>
    </Filter>
    <Filter Include="shader">
      <UniqueIdentifier>{d00e7eef-e698-44cf-820e-da4c2ae980d4}</UniqueIdentifier>
    </Filter>
    <Filter Include="externals">
      <UniqueIdentifier>{10a88c8f-860b-4156-bce4-27bc63e0df11}</UniqueIdentifier>
    </Filter>
  </ItemGroup>
  <ItemGroup>
    <None Include="Resources\shader\Cube.hlsli" />
    <None Include="Resources\shader\Line.hlsli" />
    <None Include="Resources\shader\Object3d.hlsli" />
    <None Include="Resources\shader\Particle.hlsli" />
    <None Include="Resources\shader\Sprite.hlsli" />
    <None Include="Resources\shader\Skybox.hlsli" />
    <None Include="Resources\shader\CopyImage.hlsli" />
  </ItemGroup>
  <ItemGroup>
    <Text Include="externals\imgui\LICENSE.txt" />
  </ItemGroup>
</Project>